
Microsoft Visual Studio Solution File, Format Version 12.00
# Visual Studio Version 17
VisualStudioVersion = 17.2.32630.192
MinimumVisualStudioVersion = 10.0.40219.1
Project("{FAE04EC0-301F-11D3-BF4B-00C04F79EFBC}") = "TPIntegradorProgIII", "TPIntegradorProgIII\TPIntegradorProgIII.csproj", "{AE5B1866-9961-4335-93BA-E934A04BE84D}"
EndProject
Global
	GlobalSection(SolutionConfigurationPlatforms) = preSolution
		Debug|Any CPU = Debug|Any CPU
		Release|Any CPU = Release|Any CPU
	EndGlobalSection
	GlobalSection(ProjectConfigurationPlatforms) = postSolution
		{AE5B1866-9961-4335-93BA-E934A04BE84D}.Debug|Any CPU.ActiveCfg = Debug|Any CPU
		{AE5B1866-9961-4335-93BA-E934A04BE84D}.Debug|Any CPU.Build.0 = Debug|Any CPU
		{AE5B1866-9961-4335-93BA-E934A04BE84D}.Release|Any CPU.ActiveCfg = Release|Any CPU
		{AE5B1866-9961-4335-93BA-E934A04BE84D}.Release|Any CPU.Build.0 = Release|Any CPU
	EndGlobalSection
	GlobalSection(SolutionProperties) = preSolution
		HideSolutionNode = FALSE
	EndGlobalSection
	GlobalSection(ExtensibilityGlobals) = postSolution
		SolutionGuid = {271A4298-85FA-4A11-8AD1-FF44891E200E}
	EndGlobalSection
EndGlobal
